
Microsoft Visual Studio Solution File, Format Version 12.00
# Visual Studio 15
VisualStudioVersion = 15.0.27004.2005
MinimumVisualStudioVersion = 10.0.40219.1
Project("{FAE04EC0-301F-11D3-BF4B-00C04F79EFBC}") = "TishreenUniversity.ParallelPro", "TishreenUniversity.ParallelPro\TishreenUniversity.ParallelPro.csproj", "{8AAC75EA-2A29-41A4-B3BB-2A964B747BE7}"
EndProject
Project("{2150E333-8FDC-42A3-9474-1A3956D46DE8}") = "UI", "UI", "{4061EE1B-4A6B-4A0B-965D-66A61F3BFF0E}"
EndProject
Project("{2150E333-8FDC-42A3-9474-1A3956D46DE8}") = "ParallelPro.Core", "ParallelPro.Core", "{91A4DC51-CA9F-44EA-9965-10A3F2333F36}"
EndProject
Project("{FAE04EC0-301F-11D3-BF4B-00C04F79EFBC}") = "ParallelPro.Core", "ParallelPro.Core\ParallelPro.Core.csproj", "{AE4E55BA-DC8F-41E4-9C43-912916B78B19}"
EndProject
Project("{2150E333-8FDC-42A3-9474-1A3956D46DE8}") = "Helpers", "Helpers", "{5E40DABF-AC50-4D6C-9DEC-4A42DC866A46}"
EndProject
Project("{FAE04EC0-301F-11D3-BF4B-00C04F79EFBC}") = "GeneralHelpers", "E:\Work\Sam Electronics\Simple Accounter Project\Source Code V2.0\SimpleAccounterProject\GeneralHelpers\GeneralHelpers.csproj", "{8950C3D4-0AFA-4309-AD8A-4997F4A6D272}"
EndProject
Global
	GlobalSection(SolutionConfigurationPlatforms) = preSolution
		Debug|Any CPU = Debug|Any CPU
		Release|Any CPU = Release|Any CPU
	EndGlobalSection
	GlobalSection(ProjectConfigurationPlatforms) = postSolution
		{8AAC75EA-2A29-41A4-B3BB-2A964B747BE7}.Debug|Any CPU.ActiveCfg = Debug|Any CPU
		{8AAC75EA-2A29-41A4-B3BB-2A964B747BE7}.Debug|Any CPU.Build.0 = Debug|Any CPU
		{8AAC75EA-2A29-41A4-B3BB-2A964B747BE7}.Release|Any CPU.ActiveCfg = Release|Any CPU
		{8AAC75EA-2A29-41A4-B3BB-2A964B747BE7}.Release|Any CPU.Build.0 = Release|Any CPU
		{AE4E55BA-DC8F-41E4-9C43-912916B78B19}.Debug|Any CPU.ActiveCfg = Debug|Any CPU
		{AE4E55BA-DC8F-41E4-9C43-912916B78B19}.Debug|Any CPU.Build.0 = Debug|Any CPU
		{AE4E55BA-DC8F-41E4-9C43-912916B78B19}.Release|Any CPU.ActiveCfg = Release|Any CPU
		{AE4E55BA-DC8F-41E4-9C43-912916B78B19}.Release|Any CPU.Build.0 = Release|Any CPU
		{8950C3D4-0AFA-4309-AD8A-4997F4A6D272}.Debug|Any CPU.ActiveCfg = Debug|Any CPU
		{8950C3D4-0AFA-4309-AD8A-4997F4A6D272}.Debug|Any CPU.Build.0 = Debug|Any CPU
		{8950C3D4-0AFA-4309-AD8A-4997F4A6D272}.Release|Any CPU.ActiveCfg = Release|Any CPU
		{8950C3D4-0AFA-4309-AD8A-4997F4A6D272}.Release|Any CPU.Build.0 = Release|Any CPU
	EndGlobalSection
	GlobalSection(SolutionProperties) = preSolution
		HideSolutionNode = FALSE
	EndGlobalSection
	GlobalSection(NestedProjects) = preSolution
		{8AAC75EA-2A29-41A4-B3BB-2A964B747BE7} = {4061EE1B-4A6B-4A0B-965D-66A61F3BFF0E}
		{AE4E55BA-DC8F-41E4-9C43-912916B78B19} = {91A4DC51-CA9F-44EA-9965-10A3F2333F36}
		{8950C3D4-0AFA-4309-AD8A-4997F4A6D272} = {5E40DABF-AC50-4D6C-9DEC-4A42DC866A46}
	EndGlobalSection
	GlobalSection(ExtensibilityGlobals) = postSolution
		SolutionGuid = {E35740F6-ACE5-4751-BB59-6AD5F8ED187C}
	EndGlobalSection
EndGlobal
