
Microsoft Visual Studio Solution File, Format Version 12.00
# Visual Studio 15
VisualStudioVersion = 15.0.28307.539
MinimumVisualStudioVersion = 10.0.40219.1
Project("{2150E333-8FDC-42A3-9474-1A3956D46DE8}") = "UI", "UI", "{F9184863-4735-4E3D-B00B-689A814B3E5A}"
EndProject
Project("{FAE04EC0-301F-11D3-BF4B-00C04F79EFBC}") = "PPS", "PPS\PPS.csproj", "{40C9477C-24B5-4CFC-9381-5737BCA74396}"
EndProject
Project("{FAE04EC0-301F-11D3-BF4B-00C04F79EFBC}") = "PPS.UI.Shared", "PPS.UI.Shared\PPS.UI.Shared.csproj", "{9153B098-7061-47F0-A794-D7A73C8B7703}"
EndProject
Project("{FAE04EC0-301F-11D3-BF4B-00C04F79EFBC}") = "PPS.UI.ScoreboardAndTomasolu", "PPS.UI.ScoreboardAndTomasolu\PPS.UI.ScoreboardAndTomasolu.csproj", "{3A99221D-0075-4BE6-A787-4F48F25BB18E}"
EndProject
Project("{FAE04EC0-301F-11D3-BF4B-00C04F79EFBC}") = "PPS.UI.LoopUnrolling", "PPS.UI.LoopUnrolling\PPS.UI.LoopUnrolling.csproj", "{5693BF76-3B5C-4677-8136-74323C55216E}"
EndProject
Project("{FAE04EC0-301F-11D3-BF4B-00C04F79EFBC}") = "PPS.UI.Cache", "PPS.UI.Cache\PPS.UI.Cache.csproj", "{3B7C4764-0288-4379-B3DD-06F20F706D72}"
EndProject
Project("{FAE04EC0-301F-11D3-BF4B-00C04F79EFBC}") = "PPS.UI.VectorProcessing", "PPS.UI.VectorProcessing\PPS.UI.VectorProcessing.csproj", "{51589379-D107-4146-A780-C47996C433A3}"
EndProject
Global
	GlobalSection(SolutionConfigurationPlatforms) = preSolution
		Debug|Any CPU = Debug|Any CPU
		Release|Any CPU = Release|Any CPU
	EndGlobalSection
	GlobalSection(ProjectConfigurationPlatforms) = postSolution
		{40C9477C-24B5-4CFC-9381-5737BCA74396}.Debug|Any CPU.ActiveCfg = Debug|Any CPU
		{40C9477C-24B5-4CFC-9381-5737BCA74396}.Debug|Any CPU.Build.0 = Debug|Any CPU
		{40C9477C-24B5-4CFC-9381-5737BCA74396}.Release|Any CPU.ActiveCfg = Release|Any CPU
		{40C9477C-24B5-4CFC-9381-5737BCA74396}.Release|Any CPU.Build.0 = Release|Any CPU
		{9153B098-7061-47F0-A794-D7A73C8B7703}.Debug|Any CPU.ActiveCfg = Debug|Any CPU
		{9153B098-7061-47F0-A794-D7A73C8B7703}.Debug|Any CPU.Build.0 = Debug|Any CPU
		{9153B098-7061-47F0-A794-D7A73C8B7703}.Release|Any CPU.ActiveCfg = Release|Any CPU
		{9153B098-7061-47F0-A794-D7A73C8B7703}.Release|Any CPU.Build.0 = Release|Any CPU
		{3A99221D-0075-4BE6-A787-4F48F25BB18E}.Debug|Any CPU.ActiveCfg = Debug|Any CPU
		{3A99221D-0075-4BE6-A787-4F48F25BB18E}.Debug|Any CPU.Build.0 = Debug|Any CPU
		{3A99221D-0075-4BE6-A787-4F48F25BB18E}.Release|Any CPU.ActiveCfg = Release|Any CPU
		{3A99221D-0075-4BE6-A787-4F48F25BB18E}.Release|Any CPU.Build.0 = Release|Any CPU
		{5693BF76-3B5C-4677-8136-74323C55216E}.Debug|Any CPU.ActiveCfg = Debug|Any CPU
		{5693BF76-3B5C-4677-8136-74323C55216E}.Debug|Any CPU.Build.0 = Debug|Any CPU
		{5693BF76-3B5C-4677-8136-74323C55216E}.Release|Any CPU.ActiveCfg = Release|Any CPU
		{5693BF76-3B5C-4677-8136-74323C55216E}.Release|Any CPU.Build.0 = Release|Any CPU
		{3B7C4764-0288-4379-B3DD-06F20F706D72}.Debug|Any CPU.ActiveCfg = Debug|Any CPU
		{3B7C4764-0288-4379-B3DD-06F20F706D72}.Debug|Any CPU.Build.0 = Debug|Any CPU
		{3B7C4764-0288-4379-B3DD-06F20F706D72}.Release|Any CPU.ActiveCfg = Release|Any CPU
		{3B7C4764-0288-4379-B3DD-06F20F706D72}.Release|Any CPU.Build.0 = Release|Any CPU
		{51589379-D107-4146-A780-C47996C433A3}.Debug|Any CPU.ActiveCfg = Debug|Any CPU
		{51589379-D107-4146-A780-C47996C433A3}.Debug|Any CPU.Build.0 = Debug|Any CPU
		{51589379-D107-4146-A780-C47996C433A3}.Release|Any CPU.ActiveCfg = Release|Any CPU
		{51589379-D107-4146-A780-C47996C433A3}.Release|Any CPU.Build.0 = Release|Any CPU
	EndGlobalSection
	GlobalSection(SolutionProperties) = preSolution
		HideSolutionNode = FALSE
	EndGlobalSection
	GlobalSection(NestedProjects) = preSolution
		{40C9477C-24B5-4CFC-9381-5737BCA74396} = {F9184863-4735-4E3D-B00B-689A814B3E5A}
		{9153B098-7061-47F0-A794-D7A73C8B7703} = {F9184863-4735-4E3D-B00B-689A814B3E5A}
		{3A99221D-0075-4BE6-A787-4F48F25BB18E} = {F9184863-4735-4E3D-B00B-689A814B3E5A}
		{5693BF76-3B5C-4677-8136-74323C55216E} = {F9184863-4735-4E3D-B00B-689A814B3E5A}
		{3B7C4764-0288-4379-B3DD-06F20F706D72} = {F9184863-4735-4E3D-B00B-689A814B3E5A}
		{51589379-D107-4146-A780-C47996C433A3} = {F9184863-4735-4E3D-B00B-689A814B3E5A}
	EndGlobalSection
	GlobalSection(ExtensibilityGlobals) = postSolution
		SolutionGuid = {C5305C0C-7364-4947-BF7A-6863CE421AEC}
	EndGlobalSection
EndGlobal
